// !$*UTF8*$!
{
	archiveVersion = 1;
	classes = {
	};
	objectVersion = 55;
	objects = {

/* Begin PBXBuildFile section */
		448568162819845E00332103 /* KeyboardFunctionalRow.swift in Sources */ = {isa = PBXBuildFile; fileRef = 448568152819845E00332103 /* KeyboardFunctionalRow.swift */; };
		448568172819845E00332103 /* KeyboardFunctionalRow.swift in Sources */ = {isa = PBXBuildFile; fileRef = 448568152819845E00332103 /* KeyboardFunctionalRow.swift */; };
		44856819281A962E00332103 /* KeyboardServiceLastRow.swift in Sources */ = {isa = PBXBuildFile; fileRef = 44856818281A962E00332103 /* KeyboardServiceLastRow.swift */; };
		4485681A281A962E00332103 /* KeyboardServiceLastRow.swift in Sources */ = {isa = PBXBuildFile; fileRef = 44856818281A962E00332103 /* KeyboardServiceLastRow.swift */; };
		4485681C281A9C9F00332103 /* KeyboardViewModel.swift in Sources */ = {isa = PBXBuildFile; fileRef = 4485681B281A9C9F00332103 /* KeyboardViewModel.swift */; };
		4485681D281A9C9F00332103 /* KeyboardViewModel.swift in Sources */ = {isa = PBXBuildFile; fileRef = 4485681B281A9C9F00332103 /* KeyboardViewModel.swift */; };
		4485681F281A9D5000332103 /* KeyboardCalculator.swift in Sources */ = {isa = PBXBuildFile; fileRef = 4485681E281A9D5000332103 /* KeyboardCalculator.swift */; };
		44856820281A9D5000332103 /* KeyboardCalculator.swift in Sources */ = {isa = PBXBuildFile; fileRef = 4485681E281A9D5000332103 /* KeyboardCalculator.swift */; };
		44856822281A9E5800332103 /* Keyboard+Extensions.swift in Sources */ = {isa = PBXBuildFile; fileRef = 44856821281A9E5800332103 /* Keyboard+Extensions.swift */; };
		44856823281A9E5800332103 /* Keyboard+Extensions.swift in Sources */ = {isa = PBXBuildFile; fileRef = 44856821281A9E5800332103 /* Keyboard+Extensions.swift */; };
		44856826281AA60300332103 /* KeyboardShiftDeleteRow.swift in Sources */ = {isa = PBXBuildFile; fileRef = 44856825281AA60300332103 /* KeyboardShiftDeleteRow.swift */; };
		44856827281AA60300332103 /* KeyboardShiftDeleteRow.swift in Sources */ = {isa = PBXBuildFile; fileRef = 44856825281AA60300332103 /* KeyboardShiftDeleteRow.swift */; };
		44B301DB27FC4A4500747EE0 /* KeyboardTestApp.swift in Sources */ = {isa = PBXBuildFile; fileRef = 44B301DA27FC4A4500747EE0 /* KeyboardTestApp.swift */; };
		44B301DD27FC4A4500747EE0 /* ContentView.swift in Sources */ = {isa = PBXBuildFile; fileRef = 44B301DC27FC4A4500747EE0 /* ContentView.swift */; };
		44B301DF27FC4A4800747EE0 /* Assets.xcassets in Resources */ = {isa = PBXBuildFile; fileRef = 44B301DE27FC4A4800747EE0 /* Assets.xcassets */; };
		44B301EF27FC5D9C00747EE0 /* KeyboardViewController.swift in Sources */ = {isa = PBXBuildFile; fileRef = 44B301EE27FC5D9C00747EE0 /* KeyboardViewController.swift */; };
		44B301F327FC5D9C00747EE0 /* KeyboardExtension.appex in Embed App Extensions */ = {isa = PBXBuildFile; fileRef = 44B301EC27FC5D9C00747EE0 /* KeyboardExtension.appex */; settings = {ATTRIBUTES = (RemoveHeadersOnCopy, ); }; };
		44B8DA0C27FC702A001D5088 /* KeyboardView.swift in Sources */ = {isa = PBXBuildFile; fileRef = 44B8DA0B27FC702A001D5088 /* KeyboardView.swift */; };
		44B8DA0D27FC7033001D5088 /* KeyboardView.swift in Sources */ = {isa = PBXBuildFile; fileRef = 44B8DA0B27FC702A001D5088 /* KeyboardView.swift */; };
		44C84DBE280F6A77009F6894 /* Assets.xcassets in Resources */ = {isa = PBXBuildFile; fileRef = 44B301DE27FC4A4800747EE0 /* Assets.xcassets */; };
		44EE30DB2805A68B0009983C /* KeyboardManager.swift in Sources */ = {isa = PBXBuildFile; fileRef = 44EE30DA2805A68B0009983C /* KeyboardManager.swift */; };
		44EE30DC2805A6C80009983C /* KeyboardManager.swift in Sources */ = {isa = PBXBuildFile; fileRef = 44EE30DA2805A68B0009983C /* KeyboardManager.swift */; };
		44EE30DE2805A8C70009983C /* keyboards.json in Resources */ = {isa = PBXBuildFile; fileRef = 44EE30DD2805A8C70009983C /* keyboards.json */; };
		44EE30DF280636C20009983C /* keyboards.json in Resources */ = {isa = PBXBuildFile; fileRef = 44EE30DD2805A8C70009983C /* keyboards.json */; };
		44EE30E22808D34B0009983C /* KeyboardRow.swift in Sources */ = {isa = PBXBuildFile; fileRef = 44EE30E12808D34A0009983C /* KeyboardRow.swift */; };
		44EE30E32808D3510009983C /* KeyboardRow.swift in Sources */ = {isa = PBXBuildFile; fileRef = 44EE30E12808D34A0009983C /* KeyboardRow.swift */; };
		44EE30E52808D3990009983C /* KeyboardButton.swift in Sources */ = {isa = PBXBuildFile; fileRef = 44EE30E42808D3990009983C /* KeyboardButton.swift */; };
		44EE30E62808D3990009983C /* KeyboardButton.swift in Sources */ = {isa = PBXBuildFile; fileRef = 44EE30E42808D3990009983C /* KeyboardButton.swift */; };
		44EE30E8280D8F730009983C /* Language.swift in Sources */ = {isa = PBXBuildFile; fileRef = 44EE30E7280D8F710009983C /* Language.swift */; };
		44EE30E9280D8F730009983C /* Language.swift in Sources */ = {isa = PBXBuildFile; fileRef = 44EE30E7280D8F710009983C /* Language.swift */; };
		44EE94B3281DB20C0030C682 /* KeyboardSettings.swift in Sources */ = {isa = PBXBuildFile; fileRef = 44EE94B2281DB20C0030C682 /* KeyboardSettings.swift */; };
		44EE94B5281F14BD0030C682 /* KeyboardLanguagesSettings.swift in Sources */ = {isa = PBXBuildFile; fileRef = 44EE94B4281F14BD0030C682 /* KeyboardLanguagesSettings.swift */; };
		44EE94B7282136CC0030C682 /* KeyboardStorage.swift in Sources */ = {isa = PBXBuildFile; fileRef = 44EE94B6282136CC0030C682 /* KeyboardStorage.swift */; };
		44EE94B9282168020030C682 /* KeyboardAppearanceSettings.swift in Sources */ = {isa = PBXBuildFile; fileRef = 44EE94B8282168020030C682 /* KeyboardAppearanceSettings.swift */; };
		44EE94BB282173B40030C682 /* KeyboardStyleSettings.swift in Sources */ = {isa = PBXBuildFile; fileRef = 44EE94BA282173B40030C682 /* KeyboardStyleSettings.swift */; };
		44EE94C12821760F0030C682 /* CheckRow.swift in Sources */ = {isa = PBXBuildFile; fileRef = 44EE94C02821760F0030C682 /* CheckRow.swift */; };
		44EE94C5282177B10030C682 /* SliderRow.swift in Sources */ = {isa = PBXBuildFile; fileRef = 44EE94C4282177B10030C682 /* SliderRow.swift */; };
/* End PBXBuildFile section */

/* Begin PBXContainerItemProxy section */
		44B301F127FC5D9C00747EE0 /* PBXContainerItemProxy */ = {
			isa = PBXContainerItemProxy;
			containerPortal = 44B301CF27FC4A4500747EE0 /* Project object */;
			proxyType = 1;
			remoteGlobalIDString = 44B301EB27FC5D9C00747EE0;
			remoteInfo = KeyboardExtension;
		};
/* End PBXContainerItemProxy section */

/* Begin PBXCopyFilesBuildPhase section */
		44B301F727FC5D9C00747EE0 /* Embed App Extensions */ = {
			isa = PBXCopyFilesBuildPhase;
			buildActionMask = 2147483647;
			dstPath = "";
			dstSubfolderSpec = 13;
			files = (
				44B301F327FC5D9C00747EE0 /* KeyboardExtension.appex in Embed App Extensions */,
			);
			name = "Embed App Extensions";
			runOnlyForDeploymentPostprocessing = 0;
		};
/* End PBXCopyFilesBuildPhase section */

/* Begin PBXFileReference section */
		448568152819845E00332103 /* KeyboardFunctionalRow.swift */ = {isa = PBXFileReference; lastKnownFileType = sourcecode.swift; path = KeyboardFunctionalRow.swift; sourceTree = "<group>"; };
		44856818281A962E00332103 /* KeyboardServiceLastRow.swift */ = {isa = PBXFileReference; lastKnownFileType = sourcecode.swift; path = KeyboardServiceLastRow.swift; sourceTree = "<group>"; };
		4485681B281A9C9F00332103 /* KeyboardViewModel.swift */ = {isa = PBXFileReference; lastKnownFileType = sourcecode.swift; path = KeyboardViewModel.swift; sourceTree = "<group>"; };
		4485681E281A9D5000332103 /* KeyboardCalculator.swift */ = {isa = PBXFileReference; lastKnownFileType = sourcecode.swift; path = KeyboardCalculator.swift; sourceTree = "<group>"; };
		44856821281A9E5800332103 /* Keyboard+Extensions.swift */ = {isa = PBXFileReference; lastKnownFileType = sourcecode.swift; path = "Keyboard+Extensions.swift"; sourceTree = "<group>"; };
		44856825281AA60300332103 /* KeyboardShiftDeleteRow.swift */ = {isa = PBXFileReference; lastKnownFileType = sourcecode.swift; path = KeyboardShiftDeleteRow.swift; sourceTree = "<group>"; };
		44B301D727FC4A4500747EE0 /* KeyboardTest.app */ = {isa = PBXFileReference; explicitFileType = wrapper.application; includeInIndex = 0; path = KeyboardTest.app; sourceTree = BUILT_PRODUCTS_DIR; };
		44B301DA27FC4A4500747EE0 /* KeyboardTestApp.swift */ = {isa = PBXFileReference; lastKnownFileType = sourcecode.swift; path = KeyboardTestApp.swift; sourceTree = "<group>"; };
		44B301DC27FC4A4500747EE0 /* ContentView.swift */ = {isa = PBXFileReference; lastKnownFileType = sourcecode.swift; path = ContentView.swift; sourceTree = "<group>"; };
		44B301DE27FC4A4800747EE0 /* Assets.xcassets */ = {isa = PBXFileReference; lastKnownFileType = folder.assetcatalog; path = Assets.xcassets; sourceTree = "<group>"; };
		44B301EC27FC5D9C00747EE0 /* KeyboardExtension.appex */ = {isa = PBXFileReference; explicitFileType = "wrapper.app-extension"; includeInIndex = 0; path = KeyboardExtension.appex; sourceTree = BUILT_PRODUCTS_DIR; };
		44B301EE27FC5D9C00747EE0 /* KeyboardViewController.swift */ = {isa = PBXFileReference; lastKnownFileType = sourcecode.swift; path = KeyboardViewController.swift; sourceTree = "<group>"; };
		44B301F027FC5D9C00747EE0 /* Info.plist */ = {isa = PBXFileReference; lastKnownFileType = text.plist.xml; path = Info.plist; sourceTree = "<group>"; };
		44B8DA0B27FC702A001D5088 /* KeyboardView.swift */ = {isa = PBXFileReference; lastKnownFileType = sourcecode.swift; path = KeyboardView.swift; sourceTree = "<group>"; };
		44EE30DA2805A68B0009983C /* KeyboardManager.swift */ = {isa = PBXFileReference; lastKnownFileType = sourcecode.swift; path = KeyboardManager.swift; sourceTree = "<group>"; };
		44EE30DD2805A8C70009983C /* keyboards.json */ = {isa = PBXFileReference; fileEncoding = 4; lastKnownFileType = text.json; path = keyboards.json; sourceTree = "<group>"; };
		44EE30E0280781D30009983C /* KeyboardTest.entitlements */ = {isa = PBXFileReference; lastKnownFileType = text.plist.entitlements; path = KeyboardTest.entitlements; sourceTree = "<group>"; };
		44EE30E12808D34A0009983C /* KeyboardRow.swift */ = {isa = PBXFileReference; lastKnownFileType = sourcecode.swift; path = KeyboardRow.swift; sourceTree = "<group>"; };
		44EE30E42808D3990009983C /* KeyboardButton.swift */ = {isa = PBXFileReference; lastKnownFileType = sourcecode.swift; path = KeyboardButton.swift; sourceTree = "<group>"; };
		44EE30E7280D8F710009983C /* Language.swift */ = {isa = PBXFileReference; lastKnownFileType = sourcecode.swift; path = Language.swift; sourceTree = "<group>"; };
		44EE94B2281DB20C0030C682 /* KeyboardSettings.swift */ = {isa = PBXFileReference; lastKnownFileType = sourcecode.swift; path = KeyboardSettings.swift; sourceTree = "<group>"; };
		44EE94B4281F14BD0030C682 /* KeyboardLanguagesSettings.swift */ = {isa = PBXFileReference; lastKnownFileType = sourcecode.swift; path = KeyboardLanguagesSettings.swift; sourceTree = "<group>"; };
		44EE94B6282136CC0030C682 /* KeyboardStorage.swift */ = {isa = PBXFileReference; lastKnownFileType = sourcecode.swift; path = KeyboardStorage.swift; sourceTree = "<group>"; };
		44EE94B8282168020030C682 /* KeyboardAppearanceSettings.swift */ = {isa = PBXFileReference; lastKnownFileType = sourcecode.swift; path = KeyboardAppearanceSettings.swift; sourceTree = "<group>"; };
		44EE94BA282173B40030C682 /* KeyboardStyleSettings.swift */ = {isa = PBXFileReference; lastKnownFileType = sourcecode.swift; path = KeyboardStyleSettings.swift; sourceTree = "<group>"; };
		44EE94C02821760F0030C682 /* CheckRow.swift */ = {isa = PBXFileReference; lastKnownFileType = sourcecode.swift; path = CheckRow.swift; sourceTree = "<group>"; };
		44EE94C4282177B10030C682 /* SliderRow.swift */ = {isa = PBXFileReference; lastKnownFileType = sourcecode.swift; path = SliderRow.swift; sourceTree = "<group>"; };
/* End PBXFileReference section */

/* Begin PBXFrameworksBuildPhase section */
		44B301D427FC4A4500747EE0 /* Frameworks */ = {
			isa = PBXFrameworksBuildPhase;
			buildActionMask = 2147483647;
			files = (
			);
			runOnlyForDeploymentPostprocessing = 0;
		};
		44B301E927FC5D9C00747EE0 /* Frameworks */ = {
			isa = PBXFrameworksBuildPhase;
			buildActionMask = 2147483647;
			files = (
			);
			runOnlyForDeploymentPostprocessing = 0;
		};
/* End PBXFrameworksBuildPhase section */

/* Begin PBXGroup section */
		44856824281A9F3800332103 /* Rows */ = {
			isa = PBXGroup;
			children = (
				448568152819845E00332103 /* KeyboardFunctionalRow.swift */,
				44856818281A962E00332103 /* KeyboardServiceLastRow.swift */,
				44EE30E12808D34A0009983C /* KeyboardRow.swift */,
				44856825281AA60300332103 /* KeyboardShiftDeleteRow.swift */,
			);
			path = Rows;
			sourceTree = "<group>";
		};
		44B301CE27FC4A4500747EE0 = {
			isa = PBXGroup;
			children = (
				44B301D927FC4A4500747EE0 /* KeyboardTest */,
				44B301ED27FC5D9C00747EE0 /* KeyboardExtension */,
				44B301D827FC4A4500747EE0 /* Products */,
			);
			sourceTree = "<group>";
		};
		44B301D827FC4A4500747EE0 /* Products */ = {
			isa = PBXGroup;
			children = (
				44B301D727FC4A4500747EE0 /* KeyboardTest.app */,
				44B301EC27FC5D9C00747EE0 /* KeyboardExtension.appex */,
			);
			name = Products;
			sourceTree = "<group>";
		};
		44B301D927FC4A4500747EE0 /* KeyboardTest */ = {
			isa = PBXGroup;
			children = (
				44EE94B1281DB1BB0030C682 /* Keyboard */,
				44EE94B0281DB1A70030C682 /* MainApp */,
				44EE30E0280781D30009983C /* KeyboardTest.entitlements */,
				44B301DE27FC4A4800747EE0 /* Assets.xcassets */,
			);
			path = KeyboardTest;
			sourceTree = "<group>";
		};
		44B301ED27FC5D9C00747EE0 /* KeyboardExtension */ = {
			isa = PBXGroup;
			children = (
				44B301EE27FC5D9C00747EE0 /* KeyboardViewController.swift */,
				44B301F027FC5D9C00747EE0 /* Info.plist */,
			);
			path = KeyboardExtension;
			sourceTree = "<group>";
		};
		44EE94B0281DB1A70030C682 /* MainApp */ = {
			isa = PBXGroup;
			children = (
				44EE94BD282174100030C682 /* Storage */,
				44EE94BC282173E40030C682 /* Settings */,
				44B301DC27FC4A4500747EE0 /* ContentView.swift */,
				44B301DA27FC4A4500747EE0 /* KeyboardTestApp.swift */,
			);
			path = MainApp;
			sourceTree = "<group>";
		};
		44EE94B1281DB1BB0030C682 /* Keyboard */ = {
			isa = PBXGroup;
			children = (
				44EE94BE282174270030C682 /* Button */,
				44856824281A9F3800332103 /* Rows */,
				44B8DA0B27FC702A001D5088 /* KeyboardView.swift */,
				4485681B281A9C9F00332103 /* KeyboardViewModel.swift */,
				4485681E281A9D5000332103 /* KeyboardCalculator.swift */,
				44856821281A9E5800332103 /* Keyboard+Extensions.swift */,
				44EE30DA2805A68B0009983C /* KeyboardManager.swift */,
				44EE30E7280D8F710009983C /* Language.swift */,
				44EE30DD2805A8C70009983C /* keyboards.json */,
			);
			path = Keyboard;
			sourceTree = "<group>";
		};
		44EE94BC282173E40030C682 /* Settings */ = {
			isa = PBXGroup;
			children = (
				44EE94B2281DB20C0030C682 /* KeyboardSettings.swift */,
				44EE94C3282176470030C682 /* Language */,
				44EE94C22821763D0030C682 /* Appearance */,
				44EE94BF282176030030C682 /* Cells */,
			);
			path = Settings;
			sourceTree = "<group>";
		};
		44EE94BD282174100030C682 /* Storage */ = {
			isa = PBXGroup;
			children = (
				44EE94B6282136CC0030C682 /* KeyboardStorage.swift */,
			);
			path = Storage;
			sourceTree = "<group>";
		};
		44EE94BE282174270030C682 /* Button */ = {
			isa = PBXGroup;
			children = (
				44EE30E42808D3990009983C /* KeyboardButton.swift */,
			);
			path = Button;
			sourceTree = "<group>";
		};
		44EE94BF282176030030C682 /* Cells */ = {
			isa = PBXGroup;
			children = (
				44EE94C02821760F0030C682 /* CheckRow.swift */,
				44EE94C4282177B10030C682 /* SliderRow.swift */,
			);
			path = Cells;
			sourceTree = "<group>";
		};
		44EE94C22821763D0030C682 /* Appearance */ = {
			isa = PBXGroup;
			children = (
				44EE94BA282173B40030C682 /* KeyboardStyleSettings.swift */,
				44EE94B8282168020030C682 /* KeyboardAppearanceSettings.swift */,
			);
			path = Appearance;
			sourceTree = "<group>";
		};
		44EE94C3282176470030C682 /* Language */ = {
			isa = PBXGroup;
			children = (
				44EE94B4281F14BD0030C682 /* KeyboardLanguagesSettings.swift */,
			);
			path = Language;
			sourceTree = "<group>";
		};
/* End PBXGroup section */

/* Begin PBXNativeTarget section */
		44B301D627FC4A4500747EE0 /* KeyboardTest */ = {
			isa = PBXNativeTarget;
			buildConfigurationList = 44B301E527FC4A4800747EE0 /* Build configuration list for PBXNativeTarget "KeyboardTest" */;
			buildPhases = (
				44B301D327FC4A4500747EE0 /* Sources */,
				44B301D427FC4A4500747EE0 /* Frameworks */,
				44B301D527FC4A4500747EE0 /* Resources */,
				44B301F727FC5D9C00747EE0 /* Embed App Extensions */,
			);
			buildRules = (
			);
			dependencies = (
				44B301F227FC5D9C00747EE0 /* PBXTargetDependency */,
			);
			name = KeyboardTest;
			productName = KeyboardTest;
			productReference = 44B301D727FC4A4500747EE0 /* KeyboardTest.app */;
			productType = "com.apple.product-type.application";
		};
		44B301EB27FC5D9C00747EE0 /* KeyboardExtension */ = {
			isa = PBXNativeTarget;
			buildConfigurationList = 44B301F427FC5D9C00747EE0 /* Build configuration list for PBXNativeTarget "KeyboardExtension" */;
			buildPhases = (
				44B301E827FC5D9C00747EE0 /* Sources */,
				44B301E927FC5D9C00747EE0 /* Frameworks */,
				44B301EA27FC5D9C00747EE0 /* Resources */,
			);
			buildRules = (
			);
			dependencies = (
			);
			name = KeyboardExtension;
			productName = KeyboardExtension;
			productReference = 44B301EC27FC5D9C00747EE0 /* KeyboardExtension.appex */;
			productType = "com.apple.product-type.app-extension";
		};
/* End PBXNativeTarget section */

/* Begin PBXProject section */
		44B301CF27FC4A4500747EE0 /* Project object */ = {
			isa = PBXProject;
			attributes = {
				BuildIndependentTargetsInParallel = 1;
				LastSwiftUpdateCheck = 1320;
				LastUpgradeCheck = 1320;
				TargetAttributes = {
					44B301D627FC4A4500747EE0 = {
						CreatedOnToolsVersion = 13.2.1;
					};
					44B301EB27FC5D9C00747EE0 = {
						CreatedOnToolsVersion = 13.2.1;
					};
				};
			};
			buildConfigurationList = 44B301D227FC4A4500747EE0 /* Build configuration list for PBXProject "KeyboardTest" */;
			compatibilityVersion = "Xcode 13.0";
			developmentRegion = en;
			hasScannedForEncodings = 0;
			knownRegions = (
				en,
				Base,
			);
			mainGroup = 44B301CE27FC4A4500747EE0;
			productRefGroup = 44B301D827FC4A4500747EE0 /* Products */;
			projectDirPath = "";
			projectRoot = "";
			targets = (
				44B301D627FC4A4500747EE0 /* KeyboardTest */,
				44B301EB27FC5D9C00747EE0 /* KeyboardExtension */,
			);
		};
/* End PBXProject section */

/* Begin PBXResourcesBuildPhase section */
		44B301D527FC4A4500747EE0 /* Resources */ = {
			isa = PBXResourcesBuildPhase;
			buildActionMask = 2147483647;
			files = (
				44EE30DF280636C20009983C /* keyboards.json in Resources */,
				44B301DF27FC4A4800747EE0 /* Assets.xcassets in Resources */,
			);
			runOnlyForDeploymentPostprocessing = 0;
		};
		44B301EA27FC5D9C00747EE0 /* Resources */ = {
			isa = PBXResourcesBuildPhase;
			buildActionMask = 2147483647;
			files = (
				44C84DBE280F6A77009F6894 /* Assets.xcassets in Resources */,
				44EE30DE2805A8C70009983C /* keyboards.json in Resources */,
			);
			runOnlyForDeploymentPostprocessing = 0;
		};
/* End PBXResourcesBuildPhase section */

/* Begin PBXSourcesBuildPhase section */
		44B301D327FC4A4500747EE0 /* Sources */ = {
			isa = PBXSourcesBuildPhase;
			buildActionMask = 2147483647;
			files = (
				44B8DA0C27FC702A001D5088 /* KeyboardView.swift in Sources */,
				4485681C281A9C9F00332103 /* KeyboardViewModel.swift in Sources */,
				44EE30E52808D3990009983C /* KeyboardButton.swift in Sources */,
				448568162819845E00332103 /* KeyboardFunctionalRow.swift in Sources */,
				44856822281A9E5800332103 /* Keyboard+Extensions.swift in Sources */,
				44B301DD27FC4A4500747EE0 /* ContentView.swift in Sources */,
				4485681F281A9D5000332103 /* KeyboardCalculator.swift in Sources */,
				44EE94BB282173B40030C682 /* KeyboardStyleSettings.swift in Sources */,
				44EE94B5281F14BD0030C682 /* KeyboardLanguagesSettings.swift in Sources */,
				44EE30DB2805A68B0009983C /* KeyboardManager.swift in Sources */,
				44EE94B9282168020030C682 /* KeyboardAppearanceSettings.swift in Sources */,
				44EE94B7282136CC0030C682 /* KeyboardStorage.swift in Sources */,
				44856826281AA60300332103 /* KeyboardShiftDeleteRow.swift in Sources */,
				44EE94C5282177B10030C682 /* SliderRow.swift in Sources */,
				44EE30E22808D34B0009983C /* KeyboardRow.swift in Sources */,
				44EE30E8280D8F730009983C /* Language.swift in Sources */,
				44856819281A962E00332103 /* KeyboardServiceLastRow.swift in Sources */,
				44B301DB27FC4A4500747EE0 /* KeyboardTestApp.swift in Sources */,
				44EE94C12821760F0030C682 /* CheckRow.swift in Sources */,
				44EE94B3281DB20C0030C682 /* KeyboardSettings.swift in Sources */,
			);
			runOnlyForDeploymentPostprocessing = 0;
		};
		44B301E827FC5D9C00747EE0 /* Sources */ = {
			isa = PBXSourcesBuildPhase;
			buildActionMask = 2147483647;
			files = (
				44EE30E62808D3990009983C /* KeyboardButton.swift in Sources */,
				44856827281AA60300332103 /* KeyboardShiftDeleteRow.swift in Sources */,
				4485681A281A962E00332103 /* KeyboardServiceLastRow.swift in Sources */,
				448568172819845E00332103 /* KeyboardFunctionalRow.swift in Sources */,
				44856823281A9E5800332103 /* Keyboard+Extensions.swift in Sources */,
				44B301EF27FC5D9C00747EE0 /* KeyboardViewController.swift in Sources */,
				44EE30E32808D3510009983C /* KeyboardRow.swift in Sources */,
				4485681D281A9C9F00332103 /* KeyboardViewModel.swift in Sources */,
				44856820281A9D5000332103 /* KeyboardCalculator.swift in Sources */,
				44EE30E9280D8F730009983C /* Language.swift in Sources */,
				44B8DA0D27FC7033001D5088 /* KeyboardView.swift in Sources */,
				44EE30DC2805A6C80009983C /* KeyboardManager.swift in Sources */,
			);
			runOnlyForDeploymentPostprocessing = 0;
		};
/* End PBXSourcesBuildPhase section */

/* Begin PBXTargetDependency section */
		44B301F227FC5D9C00747EE0 /* PBXTargetDependency */ = {
			isa = PBXTargetDependency;
			target = 44B301EB27FC5D9C00747EE0 /* KeyboardExtension */;
			targetProxy = 44B301F127FC5D9C00747EE0 /* PBXContainerItemProxy */;
		};
/* End PBXTargetDependency section */

/* Begin XCBuildConfiguration section */
		44B301E327FC4A4800747EE0 /* Debug */ = {
			isa = XCBuildConfiguration;
			buildSettings = {
				ALWAYS_SEARCH_USER_PATHS = NO;
				CLANG_ANALYZER_NONNULL = YES;
				CLANG_ANALYZER_NUMBER_OBJECT_CONVERSION = YES_AGGRESSIVE;
				CLANG_CXX_LANGUAGE_STANDARD = "gnu++17";
				CLANG_CXX_LIBRARY = "libc++";
				CLANG_ENABLE_MODULES = YES;
				CLANG_ENABLE_OBJC_ARC = YES;
				CLANG_ENABLE_OBJC_WEAK = YES;
				CLANG_WARN_BLOCK_CAPTURE_AUTORELEASING = YES;
				CLANG_WARN_BOOL_CONVERSION = YES;
				CLANG_WARN_COMMA = YES;
				CLANG_WARN_CONSTANT_CONVERSION = YES;
				CLANG_WARN_DEPRECATED_OBJC_IMPLEMENTATIONS = YES;
				CLANG_WARN_DIRECT_OBJC_ISA_USAGE = YES_ERROR;
				CLANG_WARN_DOCUMENTATION_COMMENTS = YES;
				CLANG_WARN_EMPTY_BODY = YES;
				CLANG_WARN_ENUM_CONVERSION = YES;
				CLANG_WARN_INFINITE_RECURSION = YES;
				CLANG_WARN_INT_CONVERSION = YES;
				CLANG_WARN_NON_LITERAL_NULL_CONVERSION = YES;
				CLANG_WARN_OBJC_IMPLICIT_RETAIN_SELF = YES;
				CLANG_WARN_OBJC_LITERAL_CONVERSION = YES;
				CLANG_WARN_OBJC_ROOT_CLASS = YES_ERROR;
				CLANG_WARN_QUOTED_INCLUDE_IN_FRAMEWORK_HEADER = YES;
				CLANG_WARN_RANGE_LOOP_ANALYSIS = YES;
				CLANG_WARN_STRICT_PROTOTYPES = YES;
				CLANG_WARN_SUSPICIOUS_MOVE = YES;
				CLANG_WARN_UNGUARDED_AVAILABILITY = YES_AGGRESSIVE;
				CLANG_WARN_UNREACHABLE_CODE = YES;
				CLANG_WARN__DUPLICATE_METHOD_MATCH = YES;
				COPY_PHASE_STRIP = NO;
				DEBUG_INFORMATION_FORMAT = dwarf;
				ENABLE_STRICT_OBJC_MSGSEND = YES;
				ENABLE_TESTABILITY = YES;
				GCC_C_LANGUAGE_STANDARD = gnu11;
				GCC_DYNAMIC_NO_PIC = NO;
				GCC_NO_COMMON_BLOCKS = YES;
				GCC_OPTIMIZATION_LEVEL = 0;
				GCC_PREPROCESSOR_DEFINITIONS = (
					"DEBUG=1",
					"$(inherited)",
				);
				GCC_WARN_64_TO_32_BIT_CONVERSION = YES;
				GCC_WARN_ABOUT_RETURN_TYPE = YES_ERROR;
				GCC_WARN_UNDECLARED_SELECTOR = YES;
				GCC_WARN_UNINITIALIZED_AUTOS = YES_AGGRESSIVE;
				GCC_WARN_UNUSED_FUNCTION = YES;
				GCC_WARN_UNUSED_VARIABLE = YES;
				IPHONEOS_DEPLOYMENT_TARGET = 15.2;
				MTL_ENABLE_DEBUG_INFO = INCLUDE_SOURCE;
				MTL_FAST_MATH = YES;
				ONLY_ACTIVE_ARCH = YES;
				SDKROOT = iphoneos;
				SWIFT_ACTIVE_COMPILATION_CONDITIONS = DEBUG;
				SWIFT_OPTIMIZATION_LEVEL = "-Onone";
			};
			name = Debug;
		};
		44B301E427FC4A4800747EE0 /* Release */ = {
			isa = XCBuildConfiguration;
			buildSettings = {
				ALWAYS_SEARCH_USER_PATHS = NO;
				CLANG_ANALYZER_NONNULL = YES;
				CLANG_ANALYZER_NUMBER_OBJECT_CONVERSION = YES_AGGRESSIVE;
				CLANG_CXX_LANGUAGE_STANDARD = "gnu++17";
				CLANG_CXX_LIBRARY = "libc++";
				CLANG_ENABLE_MODULES = YES;
				CLANG_ENABLE_OBJC_ARC = YES;
				CLANG_ENABLE_OBJC_WEAK = YES;
				CLANG_WARN_BLOCK_CAPTURE_AUTORELEASING = YES;
				CLANG_WARN_BOOL_CONVERSION = YES;
				CLANG_WARN_COMMA = YES;
				CLANG_WARN_CONSTANT_CONVERSION = YES;
				CLANG_WARN_DEPRECATED_OBJC_IMPLEMENTATIONS = YES;
				CLANG_WARN_DIRECT_OBJC_ISA_USAGE = YES_ERROR;
				CLANG_WARN_DOCUMENTATION_COMMENTS = YES;
				CLANG_WARN_EMPTY_BODY = YES;
				CLANG_WARN_ENUM_CONVERSION = YES;
				CLANG_WARN_INFINITE_RECURSION = YES;
				CLANG_WARN_INT_CONVERSION = YES;
				CLANG_WARN_NON_LITERAL_NULL_CONVERSION = YES;
				CLANG_WARN_OBJC_IMPLICIT_RETAIN_SELF = YES;
				CLANG_WARN_OBJC_LITERAL_CONVERSION = YES;
				CLANG_WARN_OBJC_ROOT_CLASS = YES_ERROR;
				CLANG_WARN_QUOTED_INCLUDE_IN_FRAMEWORK_HEADER = YES;
				CLANG_WARN_RANGE_LOOP_ANALYSIS = YES;
				CLANG_WARN_STRICT_PROTOTYPES = YES;
				CLANG_WARN_SUSPICIOUS_MOVE = YES;
				CLANG_WARN_UNGUARDED_AVAILABILITY = YES_AGGRESSIVE;
				CLANG_WARN_UNREACHABLE_CODE = YES;
				CLANG_WARN__DUPLICATE_METHOD_MATCH = YES;
				COPY_PHASE_STRIP = NO;
				DEBUG_INFORMATION_FORMAT = "dwarf-with-dsym";
				ENABLE_NS_ASSERTIONS = NO;
				ENABLE_STRICT_OBJC_MSGSEND = YES;
				GCC_C_LANGUAGE_STANDARD = gnu11;
				GCC_NO_COMMON_BLOCKS = YES;
				GCC_WARN_64_TO_32_BIT_CONVERSION = YES;
				GCC_WARN_ABOUT_RETURN_TYPE = YES_ERROR;
				GCC_WARN_UNDECLARED_SELECTOR = YES;
				GCC_WARN_UNINITIALIZED_AUTOS = YES_AGGRESSIVE;
				GCC_WARN_UNUSED_FUNCTION = YES;
				GCC_WARN_UNUSED_VARIABLE = YES;
				IPHONEOS_DEPLOYMENT_TARGET = 15.2;
				MTL_ENABLE_DEBUG_INFO = NO;
				MTL_FAST_MATH = YES;
				SDKROOT = iphoneos;
				SWIFT_COMPILATION_MODE = wholemodule;
				SWIFT_OPTIMIZATION_LEVEL = "-O";
				VALIDATE_PRODUCT = YES;
			};
			name = Release;
		};
		44B301E627FC4A4800747EE0 /* Debug */ = {
			isa = XCBuildConfiguration;
			buildSettings = {
				ALWAYS_EMBED_SWIFT_STANDARD_LIBRARIES = YES;
				ASSETCATALOG_COMPILER_APPICON_NAME = AppIcon;
				ASSETCATALOG_COMPILER_GLOBAL_ACCENT_COLOR_NAME = AccentColor;
				CODE_SIGN_ENTITLEMENTS = KeyboardTest/KeyboardTest.entitlements;
				CODE_SIGN_IDENTITY = "Apple Development";
				CODE_SIGN_STYLE = Automatic;
				CURRENT_PROJECT_VERSION = 1;
				DEVELOPMENT_TEAM = 2GG8WA65HK;
				ENABLE_PREVIEWS = YES;
				GENERATE_INFOPLIST_FILE = YES;
				INFOPLIST_KEY_UIApplicationSceneManifest_Generation = YES;
				INFOPLIST_KEY_UIApplicationSupportsIndirectInputEvents = YES;
				INFOPLIST_KEY_UILaunchScreen_Generation = YES;
				INFOPLIST_KEY_UISupportedInterfaceOrientations_iPad = "UIInterfaceOrientationPortrait UIInterfaceOrientationPortraitUpsideDown UIInterfaceOrientationLandscapeLeft UIInterfaceOrientationLandscapeRight";
				INFOPLIST_KEY_UISupportedInterfaceOrientations_iPhone = "UIInterfaceOrientationPortrait UIInterfaceOrientationLandscapeLeft UIInterfaceOrientationLandscapeRight";
				LD_RUNPATH_SEARCH_PATHS = (
					"$(inherited)",
					"@executable_path/Frameworks",
				);
				MARKETING_VERSION = 1.0;
				PRODUCT_BUNDLE_IDENTIFIER = kosta3ov.KeyboardTest;
				PRODUCT_NAME = "$(TARGET_NAME)";
				PROVISIONING_PROFILE_SPECIFIER = "";
				SWIFT_EMIT_LOC_STRINGS = YES;
				SWIFT_VERSION = 5.0;
				TARGETED_DEVICE_FAMILY = "1,2";
			};
			name = Debug;
		};
		44B301E727FC4A4800747EE0 /* Release */ = {
			isa = XCBuildConfiguration;
			buildSettings = {
				ALWAYS_EMBED_SWIFT_STANDARD_LIBRARIES = YES;
				ASSETCATALOG_COMPILER_APPICON_NAME = AppIcon;
				ASSETCATALOG_COMPILER_GLOBAL_ACCENT_COLOR_NAME = AccentColor;
				CODE_SIGN_ENTITLEMENTS = KeyboardTest/KeyboardTest.entitlements;
				CODE_SIGN_IDENTITY = "Apple Development";
				CODE_SIGN_STYLE = Automatic;
				CURRENT_PROJECT_VERSION = 1;
				DEVELOPMENT_TEAM = 2GG8WA65HK;
				ENABLE_PREVIEWS = YES;
				GENERATE_INFOPLIST_FILE = YES;
				INFOPLIST_KEY_UIApplicationSceneManifest_Generation = YES;
				INFOPLIST_KEY_UIApplicationSupportsIndirectInputEvents = YES;
				INFOPLIST_KEY_UILaunchScreen_Generation = YES;
				INFOPLIST_KEY_UISupportedInterfaceOrientations_iPad = "UIInterfaceOrientationPortrait UIInterfaceOrientationPortraitUpsideDown UIInterfaceOrientationLandscapeLeft UIInterfaceOrientationLandscapeRight";
				INFOPLIST_KEY_UISupportedInterfaceOrientations_iPhone = "UIInterfaceOrientationPortrait UIInterfaceOrientationLandscapeLeft UIInterfaceOrientationLandscapeRight";
				LD_RUNPATH_SEARCH_PATHS = (
					"$(inherited)",
					"@executable_path/Frameworks",
				);
				MARKETING_VERSION = 1.0;
				PRODUCT_BUNDLE_IDENTIFIER = kosta3ov.KeyboardTest;
				PRODUCT_NAME = "$(TARGET_NAME)";
				PROVISIONING_PROFILE_SPECIFIER = "";
				SWIFT_EMIT_LOC_STRINGS = YES;
				SWIFT_VERSION = 5.0;
				TARGETED_DEVICE_FAMILY = "1,2";
			};
			name = Release;
		};
		44B301F527FC5D9C00747EE0 /* Debug */ = {
			isa = XCBuildConfiguration;
			buildSettings = {
				CODE_SIGN_STYLE = Automatic;
				CURRENT_PROJECT_VERSION = 1;
				DEVELOPMENT_TEAM = 2GG8WA65HK;
				GENERATE_INFOPLIST_FILE = YES;
				INFOPLIST_FILE = KeyboardExtension/Info.plist;
				INFOPLIST_KEY_CFBundleDisplayName = KeyboardExtension;
				INFOPLIST_KEY_NSHumanReadableCopyright = "";
				LD_RUNPATH_SEARCH_PATHS = (
					"$(inherited)",
					"@executable_path/Frameworks",
					"@executable_path/../../Frameworks",
				);
				MARKETING_VERSION = 1.0;
				PRODUCT_BUNDLE_IDENTIFIER = kosta3ov.KeyboardTest.KeyboardExtension;
				PRODUCT_NAME = "$(TARGET_NAME)";
				SKIP_INSTALL = YES;
				SWIFT_EMIT_LOC_STRINGS = YES;
				SWIFT_VERSION = 5.0;
				TARGETED_DEVICE_FAMILY = "1,2";
			};
			name = Debug;
		};
		44B301F627FC5D9C00747EE0 /* Release */ = {
			isa = XCBuildConfiguration;
			buildSettings = {
				CODE_SIGN_STYLE = Automatic;
				CURRENT_PROJECT_VERSION = 1;
				DEVELOPMENT_TEAM = 2GG8WA65HK;
				GENERATE_INFOPLIST_FILE = YES;
				INFOPLIST_FILE = KeyboardExtension/Info.plist;
				INFOPLIST_KEY_CFBundleDisplayName = KeyboardExtension;
				INFOPLIST_KEY_NSHumanReadableCopyright = "";
				LD_RUNPATH_SEARCH_PATHS = (
					"$(inherited)",
					"@executable_path/Frameworks",
					"@executable_path/../../Frameworks",
				);
				MARKETING_VERSION = 1.0;
				PRODUCT_BUNDLE_IDENTIFIER = kosta3ov.KeyboardTest.KeyboardExtension;
				PRODUCT_NAME = "$(TARGET_NAME)";
				SKIP_INSTALL = YES;
				SWIFT_EMIT_LOC_STRINGS = YES;
				SWIFT_VERSION = 5.0;
				TARGETED_DEVICE_FAMILY = "1,2";
			};
			name = Release;
		};
/* End XCBuildConfiguration section */

/* Begin XCConfigurationList section */
		44B301D227FC4A4500747EE0 /* Build configuration list for PBXProject "KeyboardTest" */ = {
			isa = XCConfigurationList;
			buildConfigurations = (
				44B301E327FC4A4800747EE0 /* Debug */,
				44B301E427FC4A4800747EE0 /* Release */,
			);
			defaultConfigurationIsVisible = 0;
			defaultConfigurationName = Release;
		};
		44B301E527FC4A4800747EE0 /* Build configuration list for PBXNativeTarget "KeyboardTest" */ = {
			isa = XCConfigurationList;
			buildConfigurations = (
				44B301E627FC4A4800747EE0 /* Debug */,
				44B301E727FC4A4800747EE0 /* Release */,
			);
			defaultConfigurationIsVisible = 0;
			defaultConfigurationName = Release;
		};
		44B301F427FC5D9C00747EE0 /* Build configuration list for PBXNativeTarget "KeyboardExtension" */ = {
			isa = XCConfigurationList;
			buildConfigurations = (
				44B301F527FC5D9C00747EE0 /* Debug */,
				44B301F627FC5D9C00747EE0 /* Release */,
			);
			defaultConfigurationIsVisible = 0;
			defaultConfigurationName = Release;
		};
/* End XCConfigurationList section */
	};
	rootObject = 44B301CF27FC4A4500747EE0 /* Project object */;
}
